# @generated - this file is auto-generated by `mise lock` https://mise.en.dev/dev-tools/mise-lock.html

[[tools.poetry]]
version = "2.5.1"
backend = "vfox:poetry"

[[tools.python]]
version = "3.14.8"
backend = "core:python"

[tools.python."platforms.linux-arm64"]
checksum = "sha256:ece2bf3d4b47c80c2403c5f32fa51a9458abaee93c10def8acafb5f45163e77d"
url = "https://github.com/astral-sh/python-build-standalone/releases/download/20261003/cpython-3.14.8+20261003-aarch64-unknown-linux-gnu-install_only_stripped.tar.gz"
provenance = "github-attestations"

[tools.python."platforms.linux-arm64-musl"]
checksum = "sha256:03267c0737a0a54572024a935579ffce26ebb5ba8a5089645ddae29d97ac6312"
url = "https://github.com/astral-sh/python-build-standalone/releases/download/20261003/cpython-3.14.8+20261003-aarch64-unknown-linux-musl-install_only_stripped.tar.gz"
provenance = "github-attestations"

[tools.python."platforms.linux-x64"]
checksum = "sha256:d9ec7a6935ade8b671a57ebaf111083d7314eab8dae5071d167054dadd2b97d6"
url = "https://github.com/astral-sh/python-build-standalone/releases/download/20261003/cpython-3.14.8+20261003-x86_64-unknown-linux-gnu-install_only_stripped.tar.gz"
provenance = "github-attestations"

[tools.python."platforms.linux-x64-musl"]
checksum = "sha256:c1a91a426d70208a478c1b73c1348955a702de2da0308de89672c1f3972eaa70"
url = "https://github.com/astral-sh/python-build-standalone/releases/download/20261003/cpython-3.14.8+20261003-x86_64-unknown-linux-musl-install_only_stripped.tar.gz"
provenance = "github-attestations"

[tools.python."platforms.macos-arm64"]
checksum = "sha256:ed14e9042f36c0aa18383f5d9729bcbf17847e842666a793b5a5a5d8505c0ca1"
url = "https://github.com/astral-sh/python-build-standalone/releases/download/20261003/cpython-3.14.8+20261003-aarch64-apple-darwin-install_only_stripped.tar.gz"
provenance = "github-attestations"

[tools.python."platforms.macos-x64"]
checksum = "sha256:08310045a2611bad730d7c1a01e847a1ea729d9dcfe29110ca67cbdf3998bb54"
url = "https://github.com/astral-sh/python-build-standalone/releases/download/20261003/cpython-3.14.8+20261003-x86_64-apple-darwin-install_only_stripped.tar.gz"
provenance = "github-attestations"

[tools.python."platforms.windows-x64"]
checksum = "sha256:10e5705e44938ee78de35c62b30fdfe2945b53438343d04c0f53548cdd8e91b6"
url = "https://github.com/astral-sh/python-build-standalone/releases/download/20261003/cpython-3.14.8+20261003-x86_64-pc-windows-msvc-install_only_stripped.tar.gz"
provenance = "github-attestations"

[[tools.python]]
version = "3.13.16"
backend = "core:python"

[tools.python."platforms.linux-arm64"]
checksum = "sha256:6e9641400f8debd9b7924b27b5ff0662c372852382e291a76c450c7b67414cf6"
url = "https://github.com/astral-sh/python-build-standalone/releases/download/20261003/cpython-3.13.16+20261003-aarch64-unknown-linux-gnu-install_only_stripped.tar.gz"
provenance = "github-attestations"

[tools.python."platforms.linux-arm64-musl"]
checksum = "sha256:a96a3f88130cb0f26e9febb4a4b7bff974cc57c5517c6532eb885c84f9d47070"
url = "https://github.com/astral-sh/python-build-standalone/releases/download/20261003/cpython-3.13.16+20261003-aarch64-unknown-linux-musl-install_only_stripped.tar.gz"
provenance = "github-attestations"

[tools.python."platforms.linux-x64"]
checksum = "sha256:4595c5589fff7bf0cb158d9a88a797e0d791fa33830770fcb7bf3f4b104feeae"
url = "https://github.com/astral-sh/python-build-standalone/releases/download/20261003/cpython-3.13.16+20261003-x86_64-unknown-linux-gnu-install_only_stripped.tar.gz"
provenance = "github-attestations"

[tools.python."platforms.linux-x64-musl"]
checksum = "sha256:dbc1d63c450eb6028d52e3a5d0304bf0fd0e3e9ac16ca8326ff0c19d6005a4c2"
url = "https://github.com/astral-sh/python-build-standalone/releases/download/20261003/cpython-3.13.16+20261003-x86_64-unknown-linux-musl-install_only_stripped.tar.gz"
provenance = "github-attestations"

[tools.python."platforms.macos-arm64"]
checksum = "sha256:9e01f63bbb08576cd9c8bc2d0564d098cb30c8453a0cd4bcf6aef458f6d2a147"
url = "https://github.com/astral-sh/python-build-standalone/releases/download/20261003/cpython-3.13.16+20261003-aarch64-apple-darwin-install_only_stripped.tar.gz"
provenance = "github-attestations"

[tools.python."platforms.macos-x64"]
checksum = "sha256:b4dad38ba6a344555ccb71a1b08caad0a6c0dda88c5803658bc95bd7f04e9f5c"
url = "https://github.com/astral-sh/python-build-standalone/releases/download/20261003/cpython-3.13.16+20261003-x86_64-apple-darwin-install_only_stripped.tar.gz"
provenance = "github-attestations"

[tools.python."platforms.windows-x64"]
checksum = "sha256:ec43f1a85c29f147d7ae2d13218c52c70b24a983a82ab22d6c607c0593060e10"
url = "https://github.com/astral-sh/python-build-standalone/releases/download/20261003/cpython-3.13.16+20261003-x86_64-pc-windows-msvc-install_only_stripped.tar.gz"
provenance = "github-attestations"
